
Microsoft Visual Studio Solution File, Format Version 12.00
Project("{FAE04EC0-301F-11D3-BF4B-00C04F79EFBC}") = "PokemonApp", "PokemonApp\PokemonApp.csproj", "{EDDA612A-A605-429C-BA37-088E07AB1201}"
EndProject
Project("{FAE04EC0-301F-11D3-BF4B-00C04F79EFBC}") = "PokemonAppTests", "PokemonAppTests\PokemonAppTests.csproj", "{876728DA-85B5-49C6-BA9C-061CE00977E7}"
EndProject
Project("{FAE04EC0-301F-11D3-BF4B-00C04F79EFBC}") = "JCore", "JCore\JCore.csproj", "{CAB1E194-CB64-446B-859F-FF65BEA353AE}"
EndProject
Project("{FAE04EC0-301F-11D3-BF4B-00C04F79EFBC}") = "JCore.Tests", "JCore.Tests\JCore.Tests.csproj", "{3010CAA1-F235-4330-A497-EBD42AB93EF0}"
EndProject
Project("{FAE04EC0-301F-11D3-BF4B-00C04F79EFBC}") = "PokemonService", "PokemonService\PokemonService.csproj", "{916DA447-062B-43FD-9690-1D3EFFDA0EFC}"
EndProject
Project("{2150E333-8FDC-42A3-9474-1A3956D46DE8}") = "Common", "Common", "{34FBC6AA-362C-4ABA-A569-6ADCA1D91DE5}"
EndProject
Project("{2150E333-8FDC-42A3-9474-1A3956D46DE8}") = "Tests", "Tests", "{9492F9C3-3C62-4031-B523-F5A3F6A21E72}"
EndProject
Project("{2150E333-8FDC-42A3-9474-1A3956D46DE8}") = "Services", "Services", "{9249B881-CD1F-4D37-B1D1-3802A5EF4742}"
EndProject
Project("{FAE04EC0-301F-11D3-BF4B-00C04F79EFBC}") = "JCore.Application", "JCore.Application\JCore.Application.csproj", "{C0BF7390-BA24-4058-9840-1BDEF7525758}"
EndProject
Global
	GlobalSection(SolutionConfigurationPlatforms) = preSolution
		Debug|Any CPU = Debug|Any CPU
		Release|Any CPU = Release|Any CPU
	EndGlobalSection
	GlobalSection(ProjectConfigurationPlatforms) = postSolution
		{EDDA612A-A605-429C-BA37-088E07AB1201}.Debug|Any CPU.ActiveCfg = Debug|Any CPU
		{EDDA612A-A605-429C-BA37-088E07AB1201}.Debug|Any CPU.Build.0 = Debug|Any CPU
		{EDDA612A-A605-429C-BA37-088E07AB1201}.Release|Any CPU.ActiveCfg = Release|Any CPU
		{EDDA612A-A605-429C-BA37-088E07AB1201}.Release|Any CPU.Build.0 = Release|Any CPU
		{876728DA-85B5-49C6-BA9C-061CE00977E7}.Debug|Any CPU.ActiveCfg = Debug|Any CPU
		{876728DA-85B5-49C6-BA9C-061CE00977E7}.Debug|Any CPU.Build.0 = Debug|Any CPU
		{876728DA-85B5-49C6-BA9C-061CE00977E7}.Release|Any CPU.ActiveCfg = Release|Any CPU
		{876728DA-85B5-49C6-BA9C-061CE00977E7}.Release|Any CPU.Build.0 = Release|Any CPU
		{CAB1E194-CB64-446B-859F-FF65BEA353AE}.Debug|Any CPU.ActiveCfg = Debug|Any CPU
		{CAB1E194-CB64-446B-859F-FF65BEA353AE}.Debug|Any CPU.Build.0 = Debug|Any CPU
		{CAB1E194-CB64-446B-859F-FF65BEA353AE}.Release|Any CPU.ActiveCfg = Release|Any CPU
		{CAB1E194-CB64-446B-859F-FF65BEA353AE}.Release|Any CPU.Build.0 = Release|Any CPU
		{3010CAA1-F235-4330-A497-EBD42AB93EF0}.Debug|Any CPU.ActiveCfg = Debug|Any CPU
		{3010CAA1-F235-4330-A497-EBD42AB93EF0}.Debug|Any CPU.Build.0 = Debug|Any CPU
		{3010CAA1-F235-4330-A497-EBD42AB93EF0}.Release|Any CPU.ActiveCfg = Release|Any CPU
		{3010CAA1-F235-4330-A497-EBD42AB93EF0}.Release|Any CPU.Build.0 = Release|Any CPU
		{916DA447-062B-43FD-9690-1D3EFFDA0EFC}.Debug|Any CPU.ActiveCfg = Debug|Any CPU
		{916DA447-062B-43FD-9690-1D3EFFDA0EFC}.Debug|Any CPU.Build.0 = Debug|Any CPU
		{916DA447-062B-43FD-9690-1D3EFFDA0EFC}.Release|Any CPU.ActiveCfg = Release|Any CPU
		{916DA447-062B-43FD-9690-1D3EFFDA0EFC}.Release|Any CPU.Build.0 = Release|Any CPU
		{C0BF7390-BA24-4058-9840-1BDEF7525758}.Debug|Any CPU.ActiveCfg = Debug|Any CPU
		{C0BF7390-BA24-4058-9840-1BDEF7525758}.Debug|Any CPU.Build.0 = Debug|Any CPU
		{C0BF7390-BA24-4058-9840-1BDEF7525758}.Release|Any CPU.ActiveCfg = Release|Any CPU
		{C0BF7390-BA24-4058-9840-1BDEF7525758}.Release|Any CPU.Build.0 = Release|Any CPU
	EndGlobalSection
	GlobalSection(NestedProjects) = preSolution
		{CAB1E194-CB64-446B-859F-FF65BEA353AE} = {34FBC6AA-362C-4ABA-A569-6ADCA1D91DE5}
		{3010CAA1-F235-4330-A497-EBD42AB93EF0} = {9492F9C3-3C62-4031-B523-F5A3F6A21E72}
		{876728DA-85B5-49C6-BA9C-061CE00977E7} = {9492F9C3-3C62-4031-B523-F5A3F6A21E72}
		{EDDA612A-A605-429C-BA37-088E07AB1201} = {9249B881-CD1F-4D37-B1D1-3802A5EF4742}
		{C0BF7390-BA24-4058-9840-1BDEF7525758} = {34FBC6AA-362C-4ABA-A569-6ADCA1D91DE5}
	EndGlobalSection
EndGlobal
